
Microsoft Visual Studio Solution File, Format Version 12.00
# Visual Studio Version 17
VisualStudioVersion = 17.14.36121.58
MinimumVisualStudioVersion = 10.0.40219.1
Project("{FAE04EC0-301F-11D3-BF4B-00C04F79EFBC}") = "Master", "Master\Master.csproj", "{F8F6FA6E-0D23-AF84-3FFF-6B70EC282DAB}"
EndProject
Project("{FAE04EC0-301F-11D3-BF4B-00C04F79EFBC}") = "ScannerA", "ScannerA\ScannerA.csproj", "{A91391DC-1D9A-C969-9074-11167C52860F}"
EndProject
Global
	GlobalSection(SolutionConfigurationPlatforms) = preSolution
		Debug|Any CPU = Debug|Any CPU
		Release|Any CPU = Release|Any CPU
	EndGlobalSection
	GlobalSection(ProjectConfigurationPlatforms) = postSolution
		{F8F6FA6E-0D23-AF84-3FFF-6B70EC282DAB}.Debug|Any CPU.ActiveCfg = Debug|Any CPU
		{F8F6FA6E-0D23-AF84-3FFF-6B70EC282DAB}.Debug|Any CPU.Build.0 = Debug|Any CPU
		{F8F6FA6E-0D23-AF84-3FFF-6B70EC282DAB}.Release|Any CPU.ActiveCfg = Release|Any CPU
		{F8F6FA6E-0D23-AF84-3FFF-6B70EC282DAB}.Release|Any CPU.Build.0 = Release|Any CPU
		{A91391DC-1D9A-C969-9074-11167C52860F}.Debug|Any CPU.ActiveCfg = Debug|Any CPU
		{A91391DC-1D9A-C969-9074-11167C52860F}.Debug|Any CPU.Build.0 = Debug|Any CPU
		{A91391DC-1D9A-C969-9074-11167C52860F}.Release|Any CPU.ActiveCfg = Release|Any CPU
		{A91391DC-1D9A-C969-9074-11167C52860F}.Release|Any CPU.Build.0 = Release|Any CPU
	EndGlobalSection
	GlobalSection(SolutionProperties) = preSolution
		HideSolutionNode = FALSE
	EndGlobalSection
	GlobalSection(ExtensibilityGlobals) = postSolution
		SolutionGuid = {E743E871-81F4-4FB1-9306-7D0B2C12DF97}
	EndGlobalSection
EndGlobal
